
Microsoft Visual Studio Solution File, Format Version 12.00
# Visual Studio Version 17
VisualStudioVersion = 17.10.35004.147
MinimumVisualStudioVersion = 10.0.40219.1
Project("{9A19103F-16F7-4668-BE54-9A1E7A4F7556}") = "SubredditMonitor.UnitTests", "SubredditMonitor.Unit.Tests\SubredditMonitor.UnitTests.csproj", "{84020167-3AEA-4D8B-A8F4-2866B7D3AB50}"
EndProject
Project("{9A19103F-16F7-4668-BE54-9A1E7A4F7556}") = "SubredditMonitor.Core", "SubredditMonitor.Core\SubredditMonitor.Core.csproj", "{2C96321C-DEC7-464B-99A8-E2B315534C03}"
EndProject
Project("{9A19103F-16F7-4668-BE54-9A1E7A4F7556}") = "SubredditMonitor.Infrastructure", "SubredditMonitor.Infrastructure\SubredditMonitor.Infrastructure.csproj", "{51B31045-B793-49DE-A577-D92226E2A324}"
EndProject
Project("{9A19103F-16F7-4668-BE54-9A1E7A4F7556}") = "SubredditMonitor.Service", "SubredditMonitor.Service\SubredditMonitor.Service.csproj", "{648F81C4-3063-452A-ACB8-334627B4584C}"
EndProject
Global
	GlobalSection(SolutionConfigurationPlatforms) = preSolution
		Debug|Any CPU = Debug|Any CPU
		Release|Any CPU = Release|Any CPU
	EndGlobalSection
	GlobalSection(ProjectConfigurationPlatforms) = postSolution
		{84020167-3AEA-4D8B-A8F4-2866B7D3AB50}.Debug|Any CPU.ActiveCfg = Debug|Any CPU
		{84020167-3AEA-4D8B-A8F4-2866B7D3AB50}.Debug|Any CPU.Build.0 = Debug|Any CPU
		{84020167-3AEA-4D8B-A8F4-2866B7D3AB50}.Release|Any CPU.ActiveCfg = Release|Any CPU
		{84020167-3AEA-4D8B-A8F4-2866B7D3AB50}.Release|Any CPU.Build.0 = Release|Any CPU
		{2C96321C-DEC7-464B-99A8-E2B315534C03}.Debug|Any CPU.ActiveCfg = Debug|Any CPU
		{2C96321C-DEC7-464B-99A8-E2B315534C03}.Debug|Any CPU.Build.0 = Debug|Any CPU
		{2C96321C-DEC7-464B-99A8-E2B315534C03}.Release|Any CPU.ActiveCfg = Release|Any CPU
		{2C96321C-DEC7-464B-99A8-E2B315534C03}.Release|Any CPU.Build.0 = Release|Any CPU
		{51B31045-B793-49DE-A577-D92226E2A324}.Debug|Any CPU.ActiveCfg = Debug|Any CPU
		{51B31045-B793-49DE-A577-D92226E2A324}.Debug|Any CPU.Build.0 = Debug|Any CPU
		{51B31045-B793-49DE-A577-D92226E2A324}.Release|Any CPU.ActiveCfg = Release|Any CPU
		{51B31045-B793-49DE-A577-D92226E2A324}.Release|Any CPU.Build.0 = Release|Any CPU
		{648F81C4-3063-452A-ACB8-334627B4584C}.Debug|Any CPU.ActiveCfg = Debug|Any CPU
		{648F81C4-3063-452A-ACB8-334627B4584C}.Debug|Any CPU.Build.0 = Debug|Any CPU
		{648F81C4-3063-452A-ACB8-334627B4584C}.Release|Any CPU.ActiveCfg = Release|Any CPU
		{648F81C4-3063-452A-ACB8-334627B4584C}.Release|Any CPU.Build.0 = Release|Any CPU
	EndGlobalSection
	GlobalSection(SolutionProperties) = preSolution
		HideSolutionNode = FALSE
	EndGlobalSection
	GlobalSection(ExtensibilityGlobals) = postSolution
		SolutionGuid = {DBD782A7-6D50-4623-B288-A866DA89D3DF}
	EndGlobalSection
EndGlobal
